
Microsoft Visual Studio Solution File, Format Version 12.00
# Visual Studio Version 17
VisualStudioVersion = 17.6.33723.286
MinimumVisualStudioVersion = 10.0.40219.1
Project("{FAE04EC0-301F-11D3-BF4B-00C04F79EFBC}") = "Homework_No_1_API", "Homework_No_1_API\Homework_No_1_API.csproj", "{FF8BDD57-8136-479D-A035-62C09C3D9AFC}"
EndProject
Global
	GlobalSection(SolutionConfigurationPlatforms) = preSolution
		Debug|Any CPU = Debug|Any CPU
		Release|Any CPU = Release|Any CPU
	EndGlobalSection
	GlobalSection(ProjectConfigurationPlatforms) = postSolution
		{FF8BDD57-8136-479D-A035-62C09C3D9AFC}.Debug|Any CPU.ActiveCfg = Debug|Any CPU
		{FF8BDD57-8136-479D-A035-62C09C3D9AFC}.Debug|Any CPU.Build.0 = Debug|Any CPU
		{FF8BDD57-8136-479D-A035-62C09C3D9AFC}.Release|Any CPU.ActiveCfg = Release|Any CPU
		{FF8BDD57-8136-479D-A035-62C09C3D9AFC}.Release|Any CPU.Build.0 = Release|Any CPU
	EndGlobalSection
	GlobalSection(SolutionProperties) = preSolution
		HideSolutionNode = FALSE
	EndGlobalSection
	GlobalSection(ExtensibilityGlobals) = postSolution
		SolutionGuid = {3E6DD36D-910D-4733-B8BA-BB89CBF552F0}
	EndGlobalSection
EndGlobal
